
Microsoft Visual Studio Solution File, Format Version 12.00
# Visual Studio 14
VisualStudioVersion = 14.0.24720.0
MinimumVisualStudioVersion = 10.0.40219.1
Project("{FAE04EC0-301F-11D3-BF4B-00C04F79EFBC}") = "FallDave.Trifles", "FallDave.Trifles\FallDave.Trifles.csproj", "{EB6357F1-8D1E-4C38-8112-2AD089875571}"
EndProject
Project("{FAE04EC0-301F-11D3-BF4B-00C04F79EFBC}") = "FallDave.Trifles.Xml", "FallDave.Trifles.Xml\FallDave.Trifles.Xml.csproj", "{186C5D0E-866E-413F-ACAB-06F3564A1815}"
EndProject
Project("{7CF6DF6D-3B04-46F8-A40B-537D21BCA0B4}") = "Help", "Help\Help.shfbproj", "{49A89E67-1687-44B3-90D6-3D839EEA7039}"
EndProject
Global
	GlobalSection(SolutionConfigurationPlatforms) = preSolution
		Debug|Any CPU = Debug|Any CPU
		Release|Any CPU = Release|Any CPU
	EndGlobalSection
	GlobalSection(ProjectConfigurationPlatforms) = postSolution
		{EB6357F1-8D1E-4C38-8112-2AD089875571}.Debug|Any CPU.ActiveCfg = Debug|Any CPU
		{EB6357F1-8D1E-4C38-8112-2AD089875571}.Debug|Any CPU.Build.0 = Debug|Any CPU
		{EB6357F1-8D1E-4C38-8112-2AD089875571}.Release|Any CPU.ActiveCfg = Release|Any CPU
		{EB6357F1-8D1E-4C38-8112-2AD089875571}.Release|Any CPU.Build.0 = Release|Any CPU
		{186C5D0E-866E-413F-ACAB-06F3564A1815}.Debug|Any CPU.ActiveCfg = Debug|Any CPU
		{186C5D0E-866E-413F-ACAB-06F3564A1815}.Debug|Any CPU.Build.0 = Debug|Any CPU
		{186C5D0E-866E-413F-ACAB-06F3564A1815}.Release|Any CPU.ActiveCfg = Release|Any CPU
		{186C5D0E-866E-413F-ACAB-06F3564A1815}.Release|Any CPU.Build.0 = Release|Any CPU
		{49A89E67-1687-44B3-90D6-3D839EEA7039}.Debug|Any CPU.ActiveCfg = Debug|Any CPU
		{49A89E67-1687-44B3-90D6-3D839EEA7039}.Debug|Any CPU.Build.0 = Debug|Any CPU
		{49A89E67-1687-44B3-90D6-3D839EEA7039}.Release|Any CPU.ActiveCfg = Release|Any CPU
		{49A89E67-1687-44B3-90D6-3D839EEA7039}.Release|Any CPU.Build.0 = Release|Any CPU
	EndGlobalSection
	GlobalSection(SolutionProperties) = preSolution
		HideSolutionNode = FALSE
	EndGlobalSection
EndGlobal
